<Project xmlns="http://schemas.microsoft.com/developer/msbuild/2003">
    <PropertyGroup>
        <ProjectGuid>{0D221B5C-B333-427E-BB6A-F384BA740104}</ProjectGuid>
        <MainSource>DataGrabber.dpr</MainSource>
        <Config Condition="'$(Config)'==''">Debug</Config>
        <DCC_DCCCompiler>DCC32</DCC_DCCCompiler>
        <ProjectVersion>17.2</ProjectVersion>
        <Base>True</Base>
        <AppType>Application</AppType>
        <FrameworkType>VCL</FrameworkType>
        <Platform Condition="'$(Platform)'==''">Win32</Platform>
        <TargetedPlatforms>1</TargetedPlatforms>
    </PropertyGroup>
    <PropertyGroup Condition="'$(Config)'=='Base' or '$(Base)'!=''">
        <Base>true</Base>
    </PropertyGroup>
    <PropertyGroup Condition="('$(Platform)'=='Win32' and '$(Base)'=='true') or '$(Base_Win32)'!=''">
        <Base_Win32>true</Base_Win32>
        <CfgParent>Base</CfgParent>
        <Base>true</Base>
    </PropertyGroup>
    <PropertyGroup Condition="('$(Platform)'=='Win64' and '$(Base)'=='true') or '$(Base_Win64)'!=''">
        <Base_Win64>true</Base_Win64>
        <CfgParent>Base</CfgParent>
        <Base>true</Base>
    </PropertyGroup>
    <PropertyGroup Condition="'$(Config)'=='Release' or '$(Cfg_1)'!=''">
        <Cfg_1>true</Cfg_1>
        <CfgParent>Base</CfgParent>
        <Base>true</Base>
    </PropertyGroup>
    <PropertyGroup Condition="('$(Platform)'=='Win32' and '$(Cfg_1)'=='true') or '$(Cfg_1_Win32)'!=''">
        <Cfg_1_Win32>true</Cfg_1_Win32>
        <CfgParent>Cfg_1</CfgParent>
        <Cfg_1>true</Cfg_1>
        <Base>true</Base>
    </PropertyGroup>
    <PropertyGroup Condition="'$(Config)'=='Debug' or '$(Cfg_2)'!=''">
        <Cfg_2>true</Cfg_2>
        <CfgParent>Base</CfgParent>
        <Base>true</Base>
    </PropertyGroup>
    <PropertyGroup Condition="('$(Platform)'=='Win32' and '$(Cfg_2)'=='true') or '$(Cfg_2_Win32)'!=''">
        <Cfg_2_Win32>true</Cfg_2_Win32>
        <CfgParent>Cfg_2</CfgParent>
        <Cfg_2>true</Cfg_2>
        <Base>true</Base>
    </PropertyGroup>
    <PropertyGroup Condition="'$(Base)'!=''">
        <SanitizedProjectName>DataGrabber</SanitizedProjectName>
        <VerInfo_AutoGenVersion>true</VerInfo_AutoGenVersion>
        <VerInfo_PreRelease>true</VerInfo_PreRelease>
        <VerInfo_Build>24</VerInfo_Build>
        <DCC_Namespace>Vcl;Vcl.Imaging;Vcl.Touch;Vcl.Samples;Vcl.Shell;System;Xml;Data;Datasnap;Web;Soap;Winapi;Data.Win;ts.Connection;$(DCC_Namespace)</DCC_Namespace>
        <VerInfo_MajorVer>2</VerInfo_MajorVer>
        <VerInfo_IncludeVerInfo>true</VerInfo_IncludeVerInfo>
        <VerInfo_Debug>true</VerInfo_Debug>
        <VerInfo_Keys>CompanyName=;FileDescription=DataGrabber;FileVersion=2.0.0.24;InternalName=;LegalCopyright=(c) 2011 Tim Sinaeve;LegalTrademarks=;OriginalFilename=DataGrabber.exe;ProductName=DataGrabber;ProductVersion=2.0.0.0;Last Compile=2011-11-21 18:09</VerInfo_Keys>
        <VerInfo_Locale>1033</VerInfo_Locale>
        <DCC_UsePackage>vcl;CodeSiteExpressVcl;rtl;vclx;vclimg;dbrtl;adortl;vcldb;vclactnband;vcldbx;bdertl;DataSnapIndy10ServerTransport;DataSnapClient;dbexpress;xmlrtl;DbxClientDriver;DbxCommonDriver;dbxcds;vclie;inet;IndyProtocols;inetdbbde;inetdbxpress;DataSnapProviderClient;dsnap;inetdb;IndySystem;IndyCore;DataSnapServer;dsnapcon;DBXInterBaseDriver;DBXMySQLDriver;DBXFirebirdDriver;DBXSybaseASEDriver;DBXSybaseASADriver;DBXOracleDriver;DBXMSSQLDriver;DBXInformixDriver;DBXDb2Driver;vclib;ibxpress;webdsnap;vclribbon;soaprtl;VclSmp;vcltouch;websnap;AzureCloud;TeeUI;TeeDB;Tee;intrawebdb_110_150;Intraweb_110_150;VirtualTreesR;JclDeveloperTools;Jcl;JclVcl;JclContainers;SynEdit_RXE;dxCoreD15;cxLibraryD15;cxEditorsD15;cxExtEditorsD15;dxBarD15;dxBarDBNavD15;dxBarExtDBItemsD15;dxBarExtItemsD15;dxRibbonD15;cxBarEditItemD15;dxdbtrD15;dxtrmdD15;dxmdsD15;dxDockingD15;dxFlowChartD15;cxPageControlD15;dxLayoutControlD15;dxNavBarD15;dxorgcD15;dxdborD15;cxGridD15;cxPivotGridD15;cxPivotGridChartD15;cxPivotGridOLAPD15;cxTreeListD15;cxTreeListdxBarPopupMenuD15;cxSchedulerD15;cxSchedulerGridD15;dxComnD15;dxsbD15;dcldxSkinsCoreD15;dxSkinsCoreD15;dxSkinscxPCPainterD15;dxSkinscxScheduler3PainterD15;dxSkinsdxDLPainterD15;dxSkinsdxBarPainterD15;dxSkinsdxNavBar2PainterD15;dxSpellCheckerD15;cxSpreadSheetD15;cxVerticalGridD15;dxPSCoreD15;dxPSLnksD15;dxPScxCommonD15;dxPScxExtCommonD15;dxPScxGrid6LnkD15;dxPScxPivotGrid2LnkD15;dxPScxScheduler3LnkD15;dxPScxSSLnkD15;dxPScxTL5LnkD15;dxPScxVGridLnkD15;dxPSTeeChartD15;dxPSDBTeeChartD15;dxPSdxOCLnkD15;dxPSdxDBOCLnkD15;dxPSdxDBTVLnkD15;dxPSdxFCLnkD15;dxPSdxLC2LnkD15;dxPScxPCProdD15;dxPsPrVwAdvD15;dxPSPrVwRibbonD15;dxSkinsdxRibbonPainterD15;ExtLib_D15;JvCore;JvSystem;JvStdCtrls;JvAppFrm;JvBands;JvDB;JvDlgs;JvBDE;JvControls;JvCmp;JvCrypt;JvCustom;JvDocking;JvDotNetCtrls;JvGlobus;JvHMI;JvJans;JvManagedThreads;JvMM;JvNet;JvPageComps;JvPascalInterpreter;JvPluginSystem;JvPrintPreview;JvRuntimeDesign;JvTimeFramework;JvWizards;JvXPCtrls;KControls_DXER;dac140;unidac140;odbcprovider140;ZComponent;ZDbc;ZPlain;ZCore;ZParseSql;$(DCC_UsePackage)</DCC_UsePackage>
        <DCC_DebugInfoInExe>true</DCC_DebugInfoInExe>
        <ImageDebugInfo>true</ImageDebugInfo>
        <BRCC_IncludePath>E:\development\projects\ts\DataGrabber\SynEdit\Source;$(BRCC_IncludePath)</BRCC_IncludePath>
        <DCC_DependencyCheckOutputName>DataGrabber.exe</DCC_DependencyCheckOutputName>
        <DCC_ImageBase>00400000</DCC_ImageBase>
        <DCC_Platform>x86</DCC_Platform>
    </PropertyGroup>
    <PropertyGroup Condition="'$(Base_Win32)'!=''">
        <VerInfo_IncludeVerInfo>true</VerInfo_IncludeVerInfo>
        <Icon_MainIcon>DataGrabber_Icon1.ico</Icon_MainIcon>
        <DCC_Namespace>System.Win;Datasnap.Win;Web.Win;Soap.Win;Xml.Win;Bde;$(DCC_Namespace)</DCC_Namespace>
        <VerInfo_Locale>1033</VerInfo_Locale>
        <Manifest_File>$(BDS)\bin\default_app.manifest</Manifest_File>
        <VerInfo_Keys>CompanyName=;FileDescription=;FileVersion=1.0.0.0;InternalName=;LegalCopyright=;LegalTrademarks=;OriginalFilename=;ProductName=;ProductVersion=1.0.0.0;Comments=;Last Compile=2011-11-21 18:09</VerInfo_Keys>
    </PropertyGroup>
    <PropertyGroup Condition="'$(Base_Win64)'!=''">
        <Icon_MainIcon>DataGrabber_Icon1.ico</Icon_MainIcon>
        <Manifest_File>$(BDS)\bin\default_app.manifest</Manifest_File>
    </PropertyGroup>
    <PropertyGroup Condition="'$(Cfg_1)'!=''">
        <DCC_MapFile>3</DCC_MapFile>
        <DCC_DebugInfoInExe>false</DCC_DebugInfoInExe>
        <DCC_LocalDebugSymbols>false</DCC_LocalDebugSymbols>
        <DCC_Define>RELEASE;$(DCC_Define)</DCC_Define>
        <DCC_SymbolReferenceInfo>0</DCC_SymbolReferenceInfo>
        <DCC_DebugInformation>0</DCC_DebugInformation>
    </PropertyGroup>
    <PropertyGroup Condition="'$(Cfg_1_Win32)'!=''">
        <VerInfo_Keys>CompanyName=;FileDescription=;FileVersion=1.0.0.0;InternalName=;LegalCopyright=;LegalTrademarks=;OriginalFilename=;ProductName=;ProductVersion=1.0.0.0;Comments=;Last Compile=2011-11-21 18:09</VerInfo_Keys>
    </PropertyGroup>
    <PropertyGroup Condition="'$(Cfg_2)'!=''">
        <ILINK_FullDebugInfo>true</ILINK_FullDebugInfo>
        <BCC_SourceDebuggingOn>true</BCC_SourceDebuggingOn>
        <BCC_DebugLineNumbers>true</BCC_DebugLineNumbers>
        <DCC_DebugDCUs>true</DCC_DebugDCUs>
        <DCC_MapFile>3</DCC_MapFile>
        <DCC_Define>DEBUG;$(DCC_Define)</DCC_Define>
    </PropertyGroup>
    <PropertyGroup Condition="'$(Cfg_2_Win32)'!=''">
        <DCC_RangeChecking>true</DCC_RangeChecking>
        <DCC_OutputDependencies>true</DCC_OutputDependencies>
        <DCC_IntegerOverflowCheck>true</DCC_IntegerOverflowCheck>
        <DCC_Optimize>false</DCC_Optimize>
        <DCC_GenerateStackFrames>true</DCC_GenerateStackFrames>
        <VerInfo_MajorVer>1</VerInfo_MajorVer>
        <VerInfo_Build>0</VerInfo_Build>
        <VerInfo_Keys>CompanyName=;FileDescription=;FileVersion=1.0.0.0;InternalName=;LegalCopyright=;LegalTrademarks=;OriginalFilename=;ProductName=;ProductVersion=1.0.0.0;Comments=;Last Compile=2011-11-21 18:09</VerInfo_Keys>
    </PropertyGroup>
    <ItemGroup>
        <DelphiCompile Include="$(MainSource)">
            <MainSource>MainSource</MainSource>
        </DelphiCompile>
        <DCCReference Include="DataGrabber.Resources.pas"/>
        <DCCReference Include="Modules\ts.Modules.DataInspector.pas">
            <Form>frmDataInspector</Form>
        </DCCReference>
        <DCCReference Include="Modules\ts.Data.pas">
            <Form>dmCustomModule</Form>
            <DesignClass>TDataModule</DesignClass>
        </DCCReference>
        <DCCReference Include="Modules\ts.Interfaces.pas"/>
        <DCCReference Include="DataGrabber.Utils.pas"/>
        <DCCReference Include="Modules\ts.Connection.ADO.pas">
            <Form>dmADOConnection</Form>
            <DesignClass>TDataModule</DesignClass>
        </DCCReference>
        <DCCReference Include="Modules\ts.Connection.DBX.pas">
            <Form>dmDBXConnection</Form>
            <DesignClass>TDataModule</DesignClass>
        </DCCReference>
        <DCCReference Include="Modules\ts.Classes.SQL.Statement.pas"/>
        <DCCReference Include="Modules\ts.Classes.ConnectionSettings.pas"/>
        <DCCReference Include="DataGrabber.Settings.pas"/>
        <DCCReference Include="DataGrabber.SQLTemplates.pas"/>
        <DCCReference Include="DataGrabber.SettingsDialog.pas">
            <Form>frmSettingsDialog</Form>
        </DCCReference>
        <DCCReference Include="Modules\ts.Classes.ModuleManager.pas"/>
        <DCCReference Include="Modules\ts.Modules.FieldInspector.pas">
            <Form>frmFieldInspector</Form>
        </DCCReference>
        <DCCReference Include="Modules\ts.DataView.pas">
            <Form>frmDataView</Form>
        </DCCReference>
        <DCCReference Include="DataGrabber.PropertyEditors.pas"/>
        <DCCReference Include="Modules\ts.Data.Selection.pas"/>
        <DCCReference Include="Modules\ts.Data.Report.pas"/>
        <DCCReference Include="Modules\ts.Data.NativeADO.pas"/>
        <DCCReference Include="Modules\ts.Data.Native.pas"/>
        <DCCReference Include="Modules\ts.Data.NativeDBX.pas"/>
        <DCCReference Include="Modules\ts.Modules.ComponentInspector.pas">
            <Form>tsComponentInspector</Form>
        </DCCReference>
        <DCCReference Include="Modules\ts.Classes.SQL.CompoundCondition.pas"/>
        <DCCReference Include="Modules\ts.Classes.SQL.ComparisonCondition.pas"/>
        <DCCReference Include="Modules\ts.Classes.SQL.Condition.pas"/>
        <DCCReference Include="Modules\ts.Classes.SQL.Params.pas"/>
        <DCCReference Include="Modules\ts.Utils.pas"/>
        <DCCReference Include="Modules\ts.Classes.Alignment.pas"/>
        <DCCReference Include="Modules\ts.Classes.ListReport.Columns.pas"/>
        <DCCReference Include="Modules\ts.Classes.ListReport.pas"/>
        <DCCReference Include="Modules\ts.Modules.List.Columns.pas"/>
        <DCCReference Include="Modules\ts.DBUtils.pas"/>
        <DCCReference Include="Modules\ts.Modules.Memo.pas">
            <Form>frmMemo</Form>
        </DCCReference>
        <DCCReference Include="Modules\ts.Components.DBGridViewSort.pas"/>
        <DCCReference Include="Modules\ts.Utils.Actions.pas"/>
        <DCCReference Include="Modules\ts.Modules.RTTEye.pas">
            <Form>frmRTTEye</Form>
        </DCCReference>
        <DCCReference Include="Modules\ts.Connection.ADOConnectionAdaptor.pas"/>
        <DCCReference Include="Modules\ts.Connection.DBXConnectionAdaptor.pas"/>
        <DCCReference Include="DataView\DataGrabber.DataView.cxGrid.pas">
            <Form>frmcxGrid</Form>
            <FormType>dfm</FormType>
            <DesignClass>TFrame</DesignClass>
        </DCCReference>
        <DCCReference Include="DataView\DataGrabber.DataView.GridView.pas">
            <Form>frmGridView</Form>
            <FormType>dfm</FormType>
        </DCCReference>
        <DCCReference Include="Modules\ts.Connection.CustomConnectionAdaptor.pas"/>
        <DCCReference Include="Modules\ts.Connection.pas">
            <Form>dmConnection</Form>
            <DesignClass>TDataModule</DesignClass>
        </DCCReference>
        <DCCReference Include="DataGrabber.RegisterServices.pas"/>
        <DCCReference Include="DataGrabber.ConnectionProfiles.pas"/>
        <DCCReference Include="DataGrabber.ConnectionView.pas">
            <Form>frmConnectionView</Form>
            <FormType>dfm</FormType>
        </DCCReference>
        <DCCReference Include="DataGrabber.ConnectionViewManager.pas">
            <Form>dmConnectionViewManager</Form>
            <FormType>dfm</FormType>
            <DesignClass>TDataModule</DesignClass>
        </DCCReference>
        <DCCReference Include="DataGrabber.Data.pas">
            <Form>dmData</Form>
            <FormType>dfm</FormType>
            <DesignClass>TDataModule</DesignClass>
        </DCCReference>
        <DCCReference Include="DataGrabber.EditorView.pas">
            <Form>frmEditorView</Form>
            <FormType>dfm</FormType>
        </DCCReference>
        <DCCReference Include="DataGrabber.FormSettings.pas"/>
        <DCCReference Include="DataGrabber.Factories.pas"/>
        <DCCReference Include="DataGrabber.Interfaces.pas"/>
        <DCCReference Include="DataGrabber.MainForm.pas">
            <Form>frmMain</Form>
            <FormType>dfm</FormType>
        </DCCReference>
        <DCCReference Include="Modules\ts.Classes.KeyValues.pas"/>
        <DCCReference Include="Modules\ts.Connection.FireDAC.pas">
            <Form>dmFireDACConnection</Form>
            <FormType>dfm</FormType>
            <DesignClass>TDataModule</DesignClass>
        </DCCReference>
        <DCCReference Include="Modules\ts.Data.NativeFireDAC.pas"/>
        <DCCReference Include="Modules\ts.Connection.FireDACConnectionAdaptor.pas"/>
        <None Include="ModelSupport_DataGrabber\XMLSerializer\default.txvpck"/>
        <None Include="ModelSupport_DataGrabber\ts\Classes\SQL\Statement\default.txaPackage"/>
        <None Include="ModelSupport_DataGrabber\DataGrabber\DBXConnection\default.txaPackage"/>
        <None Include="ModelSupport_DataGrabber\DataGrabber\SettingsDialog\default.txaPackage"/>
        <None Include="ModelSupport_DataGrabber\DataGrabber\KGrid\default.txaPackage"/>
        <None Include="ModelSupport_DataGrabber\default.txaPackage"/>
        <None Include="ModelSupport_DataGrabber\DataGrabber\FormSettings\default.txaPackage"/>
        <None Include="ModelSupport_DataGrabber\DataGrabber\Resources\default.txaPackage"/>
        <None Include="ModelSupport_DataGrabber\ts\Modules\default.txaPackage"/>
        <None Include="ModelSupport_DataGrabber\DataGrabber\default.txaPackage"/>
        <None Include="ModelSupport_DataGrabber\DataGrabber\ADOConnection\default.txaPackage"/>
        <None Include="ModelSupport_DataGrabber\DataGrabber\GridView\default.txaPackage"/>
        <None Include="ModelSupport_DataGrabber\DataGrabber\ConnectionProfiles\default.txaPackage"/>
        <None Include="ModelSupport_DataGrabber\DataGrabber\SQLTemplates\default.txaPackage"/>
        <None Include="ModelSupport_DataGrabber\DataGrabber\Editor\default.txaPackage"/>
        <None Include="ModelSupport_DataGrabber\DataGrabber\Connection\default.txaPackage"/>
        <None Include="ModelSupport_DataGrabber\ts\Modules\ZEOSData\default.txaPackage"/>
        <None Include="ModelSupport_DataGrabber\DataGrabber\Interfaces\default.txaPackage"/>
        <None Include="ModelSupport_DataGrabber\DataGrabber\ZEOSConnection\default.txaPackage"/>
        <None Include="ModelSupport_DataGrabber\DataGrabber\cxGrid\default.txaPackage"/>
        <None Include="ModelSupport_DataGrabber\ts\Classes\SQL\default.txaPackage"/>
        <None Include="ModelSupport_DataGrabber\ts\Modules\DBXData\default.txaPackage"/>
        <None Include="ModelSupport_DataGrabber\DataGrabber\ConnectionSettings\default.txaPackage"/>
        <None Include="ModelSupport_DataGrabber\DataGrabber\MainForm\default.txaPackage"/>
        <None Include="ModelSupport_DataGrabber\ts\Modules\Data\default.txaPackage"/>
        <None Include="ModelSupport_DataGrabber\XMLSerializer\default.txaPackage"/>
        <None Include="ModelSupport_DataGrabber\DataGrabber\ButtonSettings\default.txaPackage"/>
        <None Include="ModelSupport_DataGrabber\ts\default.txaPackage"/>
        <None Include="ModelSupport_DataGrabber\DataGrabber\DataInspector\default.txaPackage"/>
        <None Include="ModelSupport_DataGrabber\ts\Modules\Interfaces\default.txaPackage"/>
        <None Include="ModelSupport_DataGrabber\DataGrabber\Data\default.txaPackage"/>
        <None Include="ModelSupport_DataGrabber\DataGrabber\Utils\default.txaPackage"/>
        <None Include="ModelSupport_DataGrabber\ts\Modules\ADOData\default.txaPackage"/>
        <None Include="ModelSupport_DataGrabber\ts\Classes\default.txaPackage"/>
        <None Include="ModelSupport_DataGrabber\DataGrabber\Settings\default.txaPackage"/>
        <None Include="ModelSupport_DataGrabber\DataGrabber\default.txvpck"/>
        <None Include="ModelSupport_DataGrabber\default.txvpck"/>
        <None Include="ModelSupport_DataGrabber\UFormSettings\default.txvpck"/>
        <None Include="ModelSupport_DataGrabber\UConnectionProfiles\default.txvpck"/>
        <None Include="ModelSupport_DataGrabber\DataGrabber\ADOConnection\default.txvpck"/>
        <None Include="ModelSupport_DataGrabber\ts\default.txvpck"/>
        <None Include="ModelSupport_DataGrabber\DataGrabber\GridView\default.txvpck"/>
        <None Include="ModelSupport_DataGrabber\DataGrabber\Settings\default.txvpck"/>
        <None Include="ModelSupport_DataGrabber\DataGrabber\FormSettings\default.txvpck"/>
        <None Include="ModelSupport_DataGrabber\DataGrabber\DBXConnection\default.txvpck"/>
        <None Include="ModelSupport_DataGrabber\DataGrabber\ConnectionProfiles\default.txvpck"/>
        <None Include="ModelSupport_DataGrabber\DataGrabber\MainForm\default.txvpck"/>
        <None Include="ModelSupport_DataGrabber\DataGrabber\Utils\default.txvpck"/>
        <None Include="ModelSupport_DataGrabber\DataGrabber\SettingsDialog\default.txvpck"/>
        <None Include="ModelSupport_DataGrabber\DataGrabber\ButtonSettings\default.txvpck"/>
        <None Include="ModelSupport_DataGrabber\DataGrabber\Interfaces\default.txvpck"/>
        <None Include="ModelSupport_DataGrabber\DataGrabber\Resources\default.txvpck"/>
        <None Include="ModelSupport_DataGrabber\DataGrabber\cxGrid\default.txvpck"/>
        <None Include="ModelSupport_DataGrabber\DataGrabber\DataInspector\default.txvpck"/>
        <None Include="ModelSupport_DataGrabber\DataGrabber\ZEOSConnection\default.txvpck"/>
        <None Include="ModelSupport_DataGrabber\DataGrabber\ConnectionSettings\default.txvpck"/>
        <None Include="ModelSupport_DataGrabber\DataGrabber\KGrid\default.txvpck"/>
        <None Include="ModelSupport_DataGrabber\DataGrabber\Editor\default.txvpck"/>
        <None Include="ModelSupport_DataGrabber\DataGrabber\Connection\default.txvpck"/>
        <None Include="ModelSupport_DataGrabber\DataGrabber\Data\default.txvpck"/>
        <None Include="ModelSupport_DataGrabber\DataGrabber\SQLTemplates\default.txvpck"/>
        <None Include="README.md"/>
        <BuildConfiguration Include="Debug">
            <Key>Cfg_2</Key>
            <CfgParent>Base</CfgParent>
        </BuildConfiguration>
        <BuildConfiguration Include="Base">
            <Key>Base</Key>
        </BuildConfiguration>
        <BuildConfiguration Include="Release">
            <Key>Cfg_1</Key>
            <CfgParent>Base</CfgParent>
        </BuildConfiguration>
    </ItemGroup>
    <Import Condition="Exists('$(BDS)\Bin\CodeGear.Delphi.Targets')" Project="$(BDS)\Bin\CodeGear.Delphi.Targets"/>
    <Import Condition="Exists('$(APPDATA)\Embarcadero\$(BDSAPPDATABASEDIR)\$(PRODUCTVERSION)\UserTools.proj')" Project="$(APPDATA)\Embarcadero\$(BDSAPPDATABASEDIR)\$(PRODUCTVERSION)\UserTools.proj"/>
    <ProjectExtensions>
        <Borland.Personality>Delphi.Personality.12</Borland.Personality>
        <Borland.ProjectType>VCLApplication</Borland.ProjectType>
        <BorlandProject>
            <Delphi.Personality>
                <Source>
                    <Source Name="MainSource">DataGrabber.dpr</Source>
                </Source>
                <Parameters/>
                <VersionInfo>
                    <VersionInfo Name="IncludeVerInfo">True</VersionInfo>
                    <VersionInfo Name="AutoIncBuild">True</VersionInfo>
                    <VersionInfo Name="MajorVer">2</VersionInfo>
                    <VersionInfo Name="MinorVer">0</VersionInfo>
                    <VersionInfo Name="Release">0</VersionInfo>
                    <VersionInfo Name="Build">36</VersionInfo>
                    <VersionInfo Name="Debug">True</VersionInfo>
                    <VersionInfo Name="PreRelease">True</VersionInfo>
                    <VersionInfo Name="Special">False</VersionInfo>
                    <VersionInfo Name="Private">False</VersionInfo>
                    <VersionInfo Name="DLL">False</VersionInfo>
                    <VersionInfo Name="Locale">1033</VersionInfo>
                    <VersionInfo Name="CodePage">1252</VersionInfo>
                </VersionInfo>
                <VersionInfoKeys>
                    <VersionInfoKeys Name="CompanyName"/>
                    <VersionInfoKeys Name="FileDescription">DataGrabber</VersionInfoKeys>
                    <VersionInfoKeys Name="FileVersion">2.0.0.36</VersionInfoKeys>
                    <VersionInfoKeys Name="InternalName"/>
                    <VersionInfoKeys Name="LegalCopyright">(c) 2011 Tim Sinaeve</VersionInfoKeys>
                    <VersionInfoKeys Name="LegalTrademarks"/>
                    <VersionInfoKeys Name="OriginalFilename">DataGrabber.exe</VersionInfoKeys>
                    <VersionInfoKeys Name="ProductName">DataGrabber</VersionInfoKeys>
                    <VersionInfoKeys Name="ProductVersion">2.0.0.0</VersionInfoKeys>
                    <VersionInfoKeys Name="Last Compile">2011-07-20 17:27</VersionInfoKeys>
                </VersionInfoKeys>
                <Excluded_Packages>
                    <Excluded_Packages Name="$(BDSBIN)\Castalia220.bpl">(untitled)</Excluded_Packages>
                    <Excluded_Packages Name="C:\Users\Public\Documents\Embarcadero\Studio\16.0\Bpl\dclDataBindingsVCL220.bpl">DSharp data binding designtime package for VCL</Excluded_Packages>
                    <Excluded_Packages Name="$(BDSBIN)\bcboffice2k220.bpl">Embarcadero C++Builder Office 2000 Servers Package</Excluded_Packages>
                    <Excluded_Packages Name="$(BDSBIN)\bcbofficexp220.bpl">Embarcadero C++Builder Office XP Servers Package</Excluded_Packages>
                    <Excluded_Packages Name="$(BDSBIN)\dcloffice2k220.bpl">Microsoft Office 2000 Sample Automation Server Wrapper Components</Excluded_Packages>
                    <Excluded_Packages Name="$(BDSBIN)\dclofficexp220.bpl">Microsoft Office XP Sample Automation Server Wrapper Components</Excluded_Packages>
                </Excluded_Packages>
            </Delphi.Personality>
            <Platforms>
                <Platform value="Win32">True</Platform>
                <Platform value="Win64">False</Platform>
            </Platforms>
            <ModelSupport>False</ModelSupport>
            <Deployment Version="1">
                <DeployFile LocalName="ModelSupport_DataGrabber\XMLSerializer\default.txaPackage" Configuration="Debug" Class="ProjectFile">
                    <Platform Name="Win32">
                        <RemoteDir>.\</RemoteDir>
                        <Overwrite>true</Overwrite>
                    </Platform>
                </DeployFile>
                <DeployFile LocalName="ModelSupport_DataGrabber\ts\Classes\SQL\Statement\default.txaPackage" Configuration="Debug" Class="ProjectFile">
                    <Platform Name="Win32">
                        <RemoteDir>.\</RemoteDir>
                        <Overwrite>true</Overwrite>
                    </Platform>
                </DeployFile>
                <DeployFile LocalName="ModelSupport_DataGrabber\DataGrabber\ZEOSConnection\default.txaPackage" Configuration="Debug" Class="ProjectFile">
                    <Platform Name="Win32">
                        <RemoteDir>.\</RemoteDir>
                        <Overwrite>true</Overwrite>
                    </Platform>
                </DeployFile>
                <DeployFile LocalName="ModelSupport_DataGrabber\DataGrabber\Settings\default.txvpck" Configuration="Debug" Class="ProjectFile">
                    <Platform Name="Win32">
                        <RemoteDir>.\</RemoteDir>
                        <Overwrite>true</Overwrite>
                    </Platform>
                </DeployFile>
                <DeployFile LocalName="ModelSupport_DataGrabber\DataGrabber\DBXConnection\default.txvpck" Configuration="Debug" Class="ProjectFile">
                    <Platform Name="Win32">
                        <RemoteDir>.\</RemoteDir>
                        <Overwrite>true</Overwrite>
                    </Platform>
                </DeployFile>
                <DeployFile LocalName="ModelSupport_DataGrabber\default.txaPackage" Configuration="Debug" Class="ProjectFile">
                    <Platform Name="Win32">
                        <RemoteDir>.\</RemoteDir>
                        <Overwrite>true</Overwrite>
                    </Platform>
                </DeployFile>
                <DeployFile LocalName="ModelSupport_DataGrabber\ts\default.txaPackage" Configuration="Debug" Class="ProjectFile">
                    <Platform Name="Win32">
                        <RemoteDir>.\</RemoteDir>
                        <Overwrite>true</Overwrite>
                    </Platform>
                </DeployFile>
                <DeployFile LocalName="ModelSupport_DataGrabber\DataGrabber\ADOConnection\default.txaPackage" Configuration="Debug" Class="ProjectFile">
                    <Platform Name="Win32">
                        <RemoteDir>.\</RemoteDir>
                        <Overwrite>true</Overwrite>
                    </Platform>
                </DeployFile>
                <DeployFile LocalName="ModelSupport_DataGrabber\DataGrabber\KGrid\default.txvpck" Configuration="Debug" Class="ProjectFile">
                    <Platform Name="Win32">
                        <RemoteDir>.\</RemoteDir>
                        <Overwrite>true</Overwrite>
                    </Platform>
                </DeployFile>
                <DeployFile LocalName="ModelSupport_DataGrabber\DataGrabber\SettingsDialog\default.txaPackage" Configuration="Debug" Class="ProjectFile">
                    <Platform Name="Win32">
                        <RemoteDir>.\</RemoteDir>
                        <Overwrite>true</Overwrite>
                    </Platform>
                </DeployFile>
                <DeployFile LocalName="ModelSupport_DataGrabber\DataGrabber\Interfaces\default.txvpck" Configuration="Debug" Class="ProjectFile">
                    <Platform Name="Win32">
                        <RemoteDir>.\</RemoteDir>
                        <Overwrite>true</Overwrite>
                    </Platform>
                </DeployFile>
                <DeployFile LocalName="ModelSupport_DataGrabber\DataGrabber\DBXConnection\default.txaPackage" Configuration="Debug" Class="ProjectFile">
                    <Platform Name="Win32">
                        <RemoteDir>.\</RemoteDir>
                        <Overwrite>true</Overwrite>
                    </Platform>
                </DeployFile>
                <DeployFile LocalName="ModelSupport_DataGrabber\DataGrabber\ZEOSConnection\default.txvpck" Configuration="Debug" Class="ProjectFile">
                    <Platform Name="Win32">
                        <RemoteDir>.\</RemoteDir>
                        <Overwrite>true</Overwrite>
                    </Platform>
                </DeployFile>
                <DeployFile LocalName="ModelSupport_DataGrabber\ts\Modules\default.txaPackage" Configuration="Debug" Class="ProjectFile">
                    <Platform Name="Win32">
                        <RemoteDir>.\</RemoteDir>
                        <Overwrite>true</Overwrite>
                    </Platform>
                </DeployFile>
                <DeployFile LocalName="ModelSupport_DataGrabber\DataGrabber\Connection\default.txvpck" Configuration="Debug" Class="ProjectFile">
                    <Platform Name="Win32">
                        <RemoteDir>.\</RemoteDir>
                        <Overwrite>true</Overwrite>
                    </Platform>
                </DeployFile>
                <DeployFile LocalName="ModelSupport_DataGrabber\UConnectionProfiles\default.txvpck" Configuration="Debug" Class="ProjectFile">
                    <Platform Name="Win32">
                        <RemoteDir>.\</RemoteDir>
                        <Overwrite>true</Overwrite>
                    </Platform>
                </DeployFile>
                <DeployFile LocalName="ModelSupport_DataGrabber\DataGrabber\cxGrid\default.txaPackage" Configuration="Debug" Class="ProjectFile">
                    <Platform Name="Win32">
                        <RemoteDir>.\</RemoteDir>
                        <Overwrite>true</Overwrite>
                    </Platform>
                </DeployFile>
                <DeployFile LocalName="ModelSupport_DataGrabber\DataGrabber\cxGrid\default.txvpck" Configuration="Debug" Class="ProjectFile">
                    <Platform Name="Win32">
                        <RemoteDir>.\</RemoteDir>
                        <Overwrite>true</Overwrite>
                    </Platform>
                </DeployFile>
                <DeployFile LocalName="ModelSupport_DataGrabber\DataGrabber\SQLTemplates\default.txvpck" Configuration="Debug" Class="ProjectFile">
                    <Platform Name="Win32">
                        <RemoteDir>.\</RemoteDir>
                        <Overwrite>true</Overwrite>
                    </Platform>
                </DeployFile>
                <DeployFile LocalName="ModelSupport_DataGrabber\DataGrabber\Connection\default.txaPackage" Configuration="Debug" Class="ProjectFile">
                    <Platform Name="Win32">
                        <RemoteDir>.\</RemoteDir>
                        <Overwrite>true</Overwrite>
                    </Platform>
                </DeployFile>
                <DeployFile LocalName="ModelSupport_DataGrabber\ts\Modules\ZEOSData\default.txaPackage" Configuration="Debug" Class="ProjectFile">
                    <Platform Name="Win32">
                        <RemoteDir>.\</RemoteDir>
                        <Overwrite>true</Overwrite>
                    </Platform>
                </DeployFile>
                <DeployFile LocalName="ModelSupport_DataGrabber\DataGrabber\Editor\default.txaPackage" Configuration="Debug" Class="ProjectFile">
                    <Platform Name="Win32">
                        <RemoteDir>.\</RemoteDir>
                        <Overwrite>true</Overwrite>
                    </Platform>
                </DeployFile>
                <DeployFile LocalName="ModelSupport_DataGrabber\DataGrabber\ButtonSettings\default.txaPackage" Configuration="Debug" Class="ProjectFile">
                    <Platform Name="Win32">
                        <RemoteDir>.\</RemoteDir>
                        <Overwrite>true</Overwrite>
                    </Platform>
                </DeployFile>
                <DeployFile LocalName="ModelSupport_DataGrabber\DataGrabber\FormSettings\default.txvpck" Configuration="Debug" Class="ProjectFile">
                    <Platform Name="Win32">
                        <RemoteDir>.\</RemoteDir>
                        <Overwrite>true</Overwrite>
                    </Platform>
                </DeployFile>
                <DeployFile LocalName="ModelSupport_DataGrabber\DataGrabber\Editor\default.txvpck" Configuration="Debug" Class="ProjectFile">
                    <Platform Name="Win32">
                        <RemoteDir>.\</RemoteDir>
                        <Overwrite>true</Overwrite>
                    </Platform>
                </DeployFile>
                <DeployFile LocalName="ModelSupport_DataGrabber\XMLSerializer\default.txvpck" Configuration="Debug" Class="ProjectFile">
                    <Platform Name="Win32">
                        <RemoteDir>.\</RemoteDir>
                        <Overwrite>true</Overwrite>
                    </Platform>
                </DeployFile>
                <DeployFile LocalName="ModelSupport_DataGrabber\DataGrabber\ConnectionSettings\default.txaPackage" Configuration="Debug" Class="ProjectFile">
                    <Platform Name="Win32">
                        <RemoteDir>.\</RemoteDir>
                        <Overwrite>true</Overwrite>
                    </Platform>
                </DeployFile>
                <DeployFile LocalName="DataGrabber.exe" Configuration="Debug" Class="ProjectOutput">
                    <Platform Name="Win32">
                        <RemoteName>DataGrabber.exe</RemoteName>
                        <Overwrite>true</Overwrite>
                    </Platform>
                </DeployFile>
                <DeployFile LocalName="ModelSupport_DataGrabber\DataGrabber\DataInspector\default.txaPackage" Configuration="Debug" Class="ProjectFile">
                    <Platform Name="Win32">
                        <RemoteDir>.\</RemoteDir>
                        <Overwrite>true</Overwrite>
                    </Platform>
                </DeployFile>
                <DeployFile LocalName="README.md" Configuration="Debug" Class="ProjectFile">
                    <Platform Name="Win32">
                        <RemoteDir>.\</RemoteDir>
                        <Overwrite>true</Overwrite>
                    </Platform>
                </DeployFile>
                <DeployFile LocalName="ModelSupport_DataGrabber\DataGrabber\FormSettings\default.txaPackage" Configuration="Debug" Class="ProjectFile">
                    <Platform Name="Win32">
                        <RemoteDir>.\</RemoteDir>
                        <Overwrite>true</Overwrite>
                    </Platform>
                </DeployFile>
                <DeployFile LocalName="ModelSupport_DataGrabber\DataGrabber\GridView\default.txaPackage" Configuration="Debug" Class="ProjectFile">
                    <Platform Name="Win32">
                        <RemoteDir>.\</RemoteDir>
                        <Overwrite>true</Overwrite>
                    </Platform>
                </DeployFile>
                <DeployFile LocalName="ModelSupport_DataGrabber\ts\Classes\default.txaPackage" Configuration="Debug" Class="ProjectFile">
                    <Platform Name="Win32">
                        <RemoteDir>.\</RemoteDir>
                        <Overwrite>true</Overwrite>
                    </Platform>
                </DeployFile>
                <DeployFile LocalName="ModelSupport_DataGrabber\ts\Classes\SQL\default.txaPackage" Configuration="Debug" Class="ProjectFile">
                    <Platform Name="Win32">
                        <RemoteDir>.\</RemoteDir>
                        <Overwrite>true</Overwrite>
                    </Platform>
                </DeployFile>
                <DeployFile LocalName="ModelSupport_DataGrabber\DataGrabber\Data\default.txvpck" Configuration="Debug" Class="ProjectFile">
                    <Platform Name="Win32">
                        <RemoteDir>.\</RemoteDir>
                        <Overwrite>true</Overwrite>
                    </Platform>
                </DeployFile>
                <DeployFile LocalName="ModelSupport_DataGrabber\DataGrabber\SQLTemplates\default.txaPackage" Configuration="Debug" Class="ProjectFile">
                    <Platform Name="Win32">
                        <RemoteDir>.\</RemoteDir>
                        <Overwrite>true</Overwrite>
                    </Platform>
                </DeployFile>
                <DeployFile LocalName="ModelSupport_DataGrabber\DataGrabber\ConnectionProfiles\default.txvpck" Configuration="Debug" Class="ProjectFile">
                    <Platform Name="Win32">
                        <RemoteDir>.\</RemoteDir>
                        <Overwrite>true</Overwrite>
                    </Platform>
                </DeployFile>
                <DeployFile LocalName="ModelSupport_DataGrabber\DataGrabber\default.txaPackage" Configuration="Debug" Class="ProjectFile">
                    <Platform Name="Win32">
                        <RemoteDir>.\</RemoteDir>
                        <Overwrite>true</Overwrite>
                    </Platform>
                </DeployFile>
                <DeployFile LocalName="ModelSupport_DataGrabber\DataGrabber\ADOConnection\default.txvpck" Configuration="Debug" Class="ProjectFile">
                    <Platform Name="Win32">
                        <RemoteDir>.\</RemoteDir>
                        <Overwrite>true</Overwrite>
                    </Platform>
                </DeployFile>
                <DeployFile LocalName="ModelSupport_DataGrabber\ts\default.txvpck" Configuration="Debug" Class="ProjectFile">
                    <Platform Name="Win32">
                        <RemoteDir>.\</RemoteDir>
                        <Overwrite>true</Overwrite>
                    </Platform>
                </DeployFile>
                <DeployFile LocalName="ModelSupport_DataGrabber\DataGrabber\Resources\default.txaPackage" Configuration="Debug" Class="ProjectFile">
                    <Platform Name="Win32">
                        <RemoteDir>.\</RemoteDir>
                        <Overwrite>true</Overwrite>
                    </Platform>
                </DeployFile>
                <DeployFile LocalName="ModelSupport_DataGrabber\ts\Modules\Interfaces\default.txaPackage" Configuration="Debug" Class="ProjectFile">
                    <Platform Name="Win32">
                        <RemoteDir>.\</RemoteDir>
                        <Overwrite>true</Overwrite>
                    </Platform>
                </DeployFile>
                <DeployFile LocalName="ModelSupport_DataGrabber\ts\Modules\ADOData\default.txaPackage" Configuration="Debug" Class="ProjectFile">
                    <Platform Name="Win32">
                        <RemoteDir>.\</RemoteDir>
                        <Overwrite>true</Overwrite>
                    </Platform>
                </DeployFile>
                <DeployFile LocalName="ModelSupport_DataGrabber\DataGrabber\GridView\default.txvpck" Configuration="Debug" Class="ProjectFile">
                    <Platform Name="Win32">
                        <RemoteDir>.\</RemoteDir>
                        <Overwrite>true</Overwrite>
                    </Platform>
                </DeployFile>
                <DeployFile LocalName="ModelSupport_DataGrabber\DataGrabber\Data\default.txaPackage" Configuration="Debug" Class="ProjectFile">
                    <Platform Name="Win32">
                        <RemoteDir>.\</RemoteDir>
                        <Overwrite>true</Overwrite>
                    </Platform>
                </DeployFile>
                <DeployFile LocalName="ModelSupport_DataGrabber\ts\Modules\Data\default.txaPackage" Configuration="Debug" Class="ProjectFile">
                    <Platform Name="Win32">
                        <RemoteDir>.\</RemoteDir>
                        <Overwrite>true</Overwrite>
                    </Platform>
                </DeployFile>
                <DeployFile LocalName="ModelSupport_DataGrabber\DataGrabber\ConnectionSettings\default.txvpck" Configuration="Debug" Class="ProjectFile">
                    <Platform Name="Win32">
                        <RemoteDir>.\</RemoteDir>
                        <Overwrite>true</Overwrite>
                    </Platform>
                </DeployFile>
                <DeployFile LocalName="ModelSupport_DataGrabber\DataGrabber\ConnectionProfiles\default.txaPackage" Configuration="Debug" Class="ProjectFile">
                    <Platform Name="Win32">
                        <RemoteDir>.\</RemoteDir>
                        <Overwrite>true</Overwrite>
                    </Platform>
                </DeployFile>
                <DeployFile LocalName="ModelSupport_DataGrabber\DataGrabber\Utils\default.txvpck" Configuration="Debug" Class="ProjectFile">
                    <Platform Name="Win32">
                        <RemoteDir>.\</RemoteDir>
                        <Overwrite>true</Overwrite>
                    </Platform>
                </DeployFile>
                <DeployFile LocalName="ModelSupport_DataGrabber\DataGrabber\MainForm\default.txvpck" Configuration="Debug" Class="ProjectFile">
                    <Platform Name="Win32">
                        <RemoteDir>.\</RemoteDir>
                        <Overwrite>true</Overwrite>
                    </Platform>
                </DeployFile>
                <DeployFile LocalName="ModelSupport_DataGrabber\DataGrabber\Interfaces\default.txaPackage" Configuration="Debug" Class="ProjectFile">
                    <Platform Name="Win32">
                        <RemoteDir>.\</RemoteDir>
                        <Overwrite>true</Overwrite>
                    </Platform>
                </DeployFile>
                <DeployFile LocalName="ModelSupport_DataGrabber\DataGrabber\SettingsDialog\default.txvpck" Configuration="Debug" Class="ProjectFile">
                    <Platform Name="Win32">
                        <RemoteDir>.\</RemoteDir>
                        <Overwrite>true</Overwrite>
                    </Platform>
                </DeployFile>
                <DeployFile LocalName="ModelSupport_DataGrabber\DataGrabber\ButtonSettings\default.txvpck" Configuration="Debug" Class="ProjectFile">
                    <Platform Name="Win32">
                        <RemoteDir>.\</RemoteDir>
                        <Overwrite>true</Overwrite>
                    </Platform>
                </DeployFile>
                <DeployFile LocalName="ModelSupport_DataGrabber\DataGrabber\KGrid\default.txaPackage" Configuration="Debug" Class="ProjectFile">
                    <Platform Name="Win32">
                        <RemoteDir>.\</RemoteDir>
                        <Overwrite>true</Overwrite>
                    </Platform>
                </DeployFile>
                <DeployFile LocalName="ModelSupport_DataGrabber\DataGrabber\DataInspector\default.txvpck" Configuration="Debug" Class="ProjectFile">
                    <Platform Name="Win32">
                        <RemoteDir>.\</RemoteDir>
                        <Overwrite>true</Overwrite>
                    </Platform>
                </DeployFile>
                <DeployFile LocalName="ModelSupport_DataGrabber\DataGrabber\Utils\default.txaPackage" Configuration="Debug" Class="ProjectFile">
                    <Platform Name="Win32">
                        <RemoteDir>.\</RemoteDir>
                        <Overwrite>true</Overwrite>
                    </Platform>
                </DeployFile>
                <DeployFile LocalName="ModelSupport_DataGrabber\DataGrabber\Settings\default.txaPackage" Configuration="Debug" Class="ProjectFile">
                    <Platform Name="Win32">
                        <RemoteDir>.\</RemoteDir>
                        <Overwrite>true</Overwrite>
                    </Platform>
                </DeployFile>
                <DeployFile LocalName="ModelSupport_DataGrabber\default.txvpck" Configuration="Debug" Class="ProjectFile">
                    <Platform Name="Win32">
                        <RemoteDir>.\</RemoteDir>
                        <Overwrite>true</Overwrite>
                    </Platform>
                </DeployFile>
                <DeployFile LocalName="ModelSupport_DataGrabber\DataGrabber\default.txvpck" Configuration="Debug" Class="ProjectFile">
                    <Platform Name="Win32">
                        <RemoteDir>.\</RemoteDir>
                        <Overwrite>true</Overwrite>
                    </Platform>
                </DeployFile>
                <DeployFile LocalName="ModelSupport_DataGrabber\UFormSettings\default.txvpck" Configuration="Debug" Class="ProjectFile">
                    <Platform Name="Win32">
                        <RemoteDir>.\</RemoteDir>
                        <Overwrite>true</Overwrite>
                    </Platform>
                </DeployFile>
                <DeployFile LocalName="ModelSupport_DataGrabber\ts\Modules\DBXData\default.txaPackage" Configuration="Debug" Class="ProjectFile">
                    <Platform Name="Win32">
                        <RemoteDir>.\</RemoteDir>
                        <Overwrite>true</Overwrite>
                    </Platform>
                </DeployFile>
                <DeployFile LocalName="ModelSupport_DataGrabber\DataGrabber\MainForm\default.txaPackage" Configuration="Debug" Class="ProjectFile">
                    <Platform Name="Win32">
                        <RemoteDir>.\</RemoteDir>
                        <Overwrite>true</Overwrite>
                    </Platform>
                </DeployFile>
                <DeployFile LocalName="ModelSupport_DataGrabber\DataGrabber\Resources\default.txvpck" Configuration="Debug" Class="ProjectFile">
                    <Platform Name="Win32">
                        <RemoteDir>.\</RemoteDir>
                        <Overwrite>true</Overwrite>
                    </Platform>
                </DeployFile>
                <DeployClass Required="true" Name="DependencyPackage">
                    <Platform Name="iOSDevice64">
                        <Operation>1</Operation>
                        <Extensions>.dylib</Extensions>
                    </Platform>
                    <Platform Name="Win32">
                        <Operation>0</Operation>
                        <Extensions>.bpl</Extensions>
                    </Platform>
                    <Platform Name="OSX32">
                        <Operation>1</Operation>
                        <Extensions>.dylib</Extensions>
                    </Platform>
                    <Platform Name="iOSSimulator">
                        <Operation>1</Operation>
                        <Extensions>.dylib</Extensions>
                    </Platform>
                    <Platform Name="iOSDevice32">
                        <Operation>1</Operation>
                        <Extensions>.dylib</Extensions>
                    </Platform>
                </DeployClass>
                <DeployClass Name="DependencyModule">
                    <Platform Name="OSX32">
                        <Operation>1</Operation>
                        <Extensions>.dylib</Extensions>
                    </Platform>
                    <Platform Name="Win32">
                        <Operation>0</Operation>
                        <Extensions>.dll;.bpl</Extensions>
                    </Platform>
                </DeployClass>
                <DeployClass Name="iPad_Launch2048">
                    <Platform Name="iOSDevice64">
                        <Operation>1</Operation>
                    </Platform>
                    <Platform Name="iOSSimulator">
                        <Operation>1</Operation>
                    </Platform>
                    <Platform Name="iOSDevice32">
                        <Operation>1</Operation>
                    </Platform>
                </DeployClass>
                <DeployClass Name="ProjectOSXInfoPList"/>
                <DeployClass Name="ProjectiOSDeviceDebug">
                    <Platform Name="iOSDevice64">
                        <RemoteDir>..\$(PROJECTNAME).app.dSYM\Contents\Resources\DWARF</RemoteDir>
                        <Operation>1</Operation>
                    </Platform>
                    <Platform Name="iOSDevice32">
                        <RemoteDir>..\$(PROJECTNAME).app.dSYM\Contents\Resources\DWARF</RemoteDir>
                        <Operation>1</Operation>
                    </Platform>
                </DeployClass>
                <DeployClass Name="Android_SplashImage470">
                    <Platform Name="Android">
                        <RemoteDir>res\drawable-normal</RemoteDir>
                        <Operation>1</Operation>
                    </Platform>
                </DeployClass>
                <DeployClass Name="AndroidLibnativeX86File">
                    <Platform Name="Android">
                        <RemoteDir>library\lib\x86</RemoteDir>
                        <Operation>1</Operation>
                    </Platform>
                </DeployClass>
                <DeployClass Name="ProjectiOSResource">
                    <Platform Name="iOSDevice64">
                        <Operation>1</Operation>
                    </Platform>
                    <Platform Name="iOSSimulator">
                        <Operation>1</Operation>
                    </Platform>
                    <Platform Name="iOSDevice32">
                        <Operation>1</Operation>
                    </Platform>
                </DeployClass>
                <DeployClass Name="ProjectOSXEntitlements"/>
                <DeployClass Name="AndroidGDBServer">
                    <Platform Name="Android">
                        <RemoteDir>library\lib\armeabi-v7a</RemoteDir>
                        <Operation>1</Operation>
                    </Platform>
                </DeployClass>
                <DeployClass Name="iPhone_Launch640">
                    <Platform Name="iOSDevice64">
                        <Operation>1</Operation>
                    </Platform>
                    <Platform Name="iOSSimulator">
                        <Operation>1</Operation>
                    </Platform>
                    <Platform Name="iOSDevice32">
                        <Operation>1</Operation>
                    </Platform>
                </DeployClass>
                <DeployClass Name="Android_SplashImage960">
                    <Platform Name="Android">
                        <RemoteDir>res\drawable-xlarge</RemoteDir>
                        <Operation>1</Operation>
                    </Platform>
                </DeployClass>
                <DeployClass Name="Android_LauncherIcon96">
                    <Platform Name="Android">
                        <RemoteDir>res\drawable-xhdpi</RemoteDir>
                        <Operation>1</Operation>
                    </Platform>
                </DeployClass>
                <DeployClass Name="iPhone_Launch320">
                    <Platform Name="iOSDevice64">
                        <Operation>1</Operation>
                    </Platform>
                    <Platform Name="iOSSimulator">
                        <Operation>1</Operation>
                    </Platform>
                    <Platform Name="iOSDevice32">
                        <Operation>1</Operation>
                    </Platform>
                </DeployClass>
                <DeployClass Name="Android_LauncherIcon144">
                    <Platform Name="Android">
                        <RemoteDir>res\drawable-xxhdpi</RemoteDir>
                        <Operation>1</Operation>
                    </Platform>
                </DeployClass>
                <DeployClass Name="AndroidLibnativeMipsFile">
                    <Platform Name="Android">
                        <RemoteDir>library\lib\mips</RemoteDir>
                        <Operation>1</Operation>
                    </Platform>
                </DeployClass>
                <DeployClass Name="AndroidSplashImageDef">
                    <Platform Name="Android">
                        <RemoteDir>res\drawable</RemoteDir>
                        <Operation>1</Operation>
                    </Platform>
                </DeployClass>
                <DeployClass Name="DebugSymbols">
                    <Platform Name="OSX32">
                        <Operation>1</Operation>
                    </Platform>
                    <Platform Name="iOSSimulator">
                        <Operation>1</Operation>
                    </Platform>
                    <Platform Name="Win32">
                        <Operation>0</Operation>
                    </Platform>
                </DeployClass>
                <DeployClass Name="DependencyFramework">
                    <Platform Name="OSX32">
                        <Operation>1</Operation>
                        <Extensions>.framework</Extensions>
                    </Platform>
                    <Platform Name="Win32">
                        <Operation>0</Operation>
                    </Platform>
                </DeployClass>
                <DeployClass Name="Android_SplashImage426">
                    <Platform Name="Android">
                        <RemoteDir>res\drawable-small</RemoteDir>
                        <Operation>1</Operation>
                    </Platform>
                </DeployClass>
                <DeployClass Name="ProjectiOSEntitlements"/>
                <DeployClass Name="AdditionalDebugSymbols">
                    <Platform Name="OSX32">
                        <Operation>1</Operation>
                    </Platform>
                    <Platform Name="Win32">
                        <RemoteDir>Contents\MacOS</RemoteDir>
                        <Operation>0</Operation>
                    </Platform>
                </DeployClass>
                <DeployClass Name="AndroidClassesDexFile">
                    <Platform Name="Android">
                        <RemoteDir>classes</RemoteDir>
                        <Operation>1</Operation>
                    </Platform>
                </DeployClass>
                <DeployClass Name="ProjectiOSInfoPList"/>
                <DeployClass Name="iPad_Launch1024">
                    <Platform Name="iOSDevice64">
                        <Operation>1</Operation>
                    </Platform>
                    <Platform Name="iOSSimulator">
                        <Operation>1</Operation>
                    </Platform>
                    <Platform Name="iOSDevice32">
                        <Operation>1</Operation>
                    </Platform>
                </DeployClass>
                <DeployClass Name="Android_DefaultAppIcon">
                    <Platform Name="Android">
                        <RemoteDir>res\drawable</RemoteDir>
                        <Operation>1</Operation>
                    </Platform>
                </DeployClass>
                <DeployClass Name="ProjectOSXResource">
                    <Platform Name="OSX32">
                        <RemoteDir>Contents\Resources</RemoteDir>
                        <Operation>1</Operation>
                    </Platform>
                </DeployClass>
                <DeployClass Name="ProjectiOSDeviceResourceRules"/>
                <DeployClass Name="iPad_Launch768">
                    <Platform Name="iOSDevice64">
                        <Operation>1</Operation>
                    </Platform>
                    <Platform Name="iOSSimulator">
                        <Operation>1</Operation>
                    </Platform>
                    <Platform Name="iOSDevice32">
                        <Operation>1</Operation>
                    </Platform>
                </DeployClass>
                <DeployClass Required="true" Name="ProjectOutput">
                    <Platform Name="Android">
                        <RemoteDir>library\lib\armeabi-v7a</RemoteDir>
                        <Operation>1</Operation>
                    </Platform>
                    <Platform Name="iOSDevice64">
                        <Operation>1</Operation>
                    </Platform>
                    <Platform Name="Win32">
                        <Operation>0</Operation>
                    </Platform>
                    <Platform Name="OSX32">
                        <Operation>1</Operation>
                    </Platform>
                    <Platform Name="iOSSimulator">
                        <Operation>1</Operation>
                    </Platform>
                    <Platform Name="iOSDevice32">
                        <Operation>1</Operation>
                    </Platform>
                </DeployClass>
                <DeployClass Name="AndroidLibnativeArmeabiFile">
                    <Platform Name="Android">
                        <RemoteDir>library\lib\armeabi</RemoteDir>
                        <Operation>1</Operation>
                    </Platform>
                </DeployClass>
                <DeployClass Name="Android_SplashImage640">
                    <Platform Name="Android">
                        <RemoteDir>res\drawable-large</RemoteDir>
                        <Operation>1</Operation>
                    </Platform>
                </DeployClass>
                <DeployClass Name="File">
                    <Platform Name="Android">
                        <Operation>0</Operation>
                    </Platform>
                    <Platform Name="iOSDevice64">
                        <Operation>0</Operation>
                    </Platform>
                    <Platform Name="Win32">
                        <Operation>0</Operation>
                    </Platform>
                    <Platform Name="OSX32">
                        <Operation>0</Operation>
                    </Platform>
                    <Platform Name="iOSSimulator">
                        <Operation>0</Operation>
                    </Platform>
                    <Platform Name="iOSDevice32">
                        <Operation>0</Operation>
                    </Platform>
                </DeployClass>
                <DeployClass Name="iPhone_Launch640x1136">
                    <Platform Name="iOSDevice64">
                        <Operation>1</Operation>
                    </Platform>
                    <Platform Name="iOSSimulator">
                        <Operation>1</Operation>
                    </Platform>
                    <Platform Name="iOSDevice32">
                        <Operation>1</Operation>
                    </Platform>
                </DeployClass>
                <DeployClass Name="Android_LauncherIcon36">
                    <Platform Name="Android">
                        <RemoteDir>res\drawable-ldpi</RemoteDir>
                        <Operation>1</Operation>
                    </Platform>
                </DeployClass>
                <DeployClass Name="AndroidSplashStyles">
                    <Platform Name="Android">
                        <RemoteDir>res\values</RemoteDir>
                        <Operation>1</Operation>
                    </Platform>
                </DeployClass>
                <DeployClass Name="iPad_Launch1536">
                    <Platform Name="iOSDevice64">
                        <Operation>1</Operation>
                    </Platform>
                    <Platform Name="iOSSimulator">
                        <Operation>1</Operation>
                    </Platform>
                    <Platform Name="iOSDevice32">
                        <Operation>1</Operation>
                    </Platform>
                </DeployClass>
                <DeployClass Name="Android_LauncherIcon48">
                    <Platform Name="Android">
                        <RemoteDir>res\drawable-mdpi</RemoteDir>
                        <Operation>1</Operation>
                    </Platform>
                </DeployClass>
                <DeployClass Name="Android_LauncherIcon72">
                    <Platform Name="Android">
                        <RemoteDir>res\drawable-hdpi</RemoteDir>
                        <Operation>1</Operation>
                    </Platform>
                </DeployClass>
                <DeployClass Name="ProjectAndroidManifest">
                    <Platform Name="Android">
                        <Operation>1</Operation>
                    </Platform>
                </DeployClass>
                <ProjectRoot Platform="iOSSimulator" Name="$(PROJECTNAME).app"/>
                <ProjectRoot Platform="Android" Name="$(PROJECTNAME)"/>
                <ProjectRoot Platform="Win32" Name="$(PROJECTNAME)"/>
                <ProjectRoot Platform="iOSDevice64" Name="$(PROJECTNAME).app"/>
                <ProjectRoot Platform="Win64" Name="$(PROJECTNAME)"/>
                <ProjectRoot Platform="OSX32" Name="$(PROJECTNAME)"/>
                <ProjectRoot Platform="iOSDevice32" Name="$(PROJECTNAME).app"/>
            </Deployment>
        </BorlandProject>
        <ProjectFileVersion>12</ProjectFileVersion>
    </ProjectExtensions>
    <Import Project="$(MSBuildProjectName).deployproj" Condition="Exists('$(MSBuildProjectName).deployproj')"/>
</Project>
